
Microsoft Visual Studio Solution File, Format Version 12.00
# Visual Studio Version 17
VisualStudioVersion = 17.13.35825.156 d17.13
MinimumVisualStudioVersion = 10.0.40219.1
Project("{FAE04EC0-301F-11D3-BF4B-00C04F79EFBC}") = "CryptographyExercise", "CryptographyExercise\CryptographyExercise.csproj", "{3BED37E5-3335-4E5F-823A-723D435E2DF3}"
EndProject
Global
	GlobalSection(SolutionConfigurationPlatforms) = preSolution
		Debug|Any CPU = Debug|Any CPU
		Release|Any CPU = Release|Any CPU
	EndGlobalSection
	GlobalSection(ProjectConfigurationPlatforms) = postSolution
		{3BED37E5-3335-4E5F-823A-723D435E2DF3}.Debug|Any CPU.ActiveCfg = Debug|Any CPU
		{3BED37E5-3335-4E5F-823A-723D435E2DF3}.Debug|Any CPU.Build.0 = Debug|Any CPU
		{3BED37E5-3335-4E5F-823A-723D435E2DF3}.Release|Any CPU.ActiveCfg = Release|Any CPU
		{3BED37E5-3335-4E5F-823A-723D435E2DF3}.Release|Any CPU.Build.0 = Release|Any CPU
	EndGlobalSection
	GlobalSection(SolutionProperties) = preSolution
		HideSolutionNode = FALSE
	EndGlobalSection
	GlobalSection(ExtensibilityGlobals) = postSolution
		SolutionGuid = {CF276BCA-EA51-4E08-B7BC-73734A0DC3AF}
	EndGlobalSection
EndGlobal
